
Microsoft Visual Studio Solution File, Format Version 12.00
# Visual Studio Version 17
VisualStudioVersion = 17.14.36109.1
MinimumVisualStudioVersion = 10.0.40219.1
Project("{FAE04EC0-301F-11D3-BF4B-00C04F79EFBC}") = "Practico.Entidades", "Practico.Entidades\Practico.Entidades.csproj", "{EE13E9CA-DC23-4283-A257-E8259D99059D}"
EndProject
Project("{FAE04EC0-301F-11D3-BF4B-00C04F79EFBC}") = "Practico.Datos", "Practico.Datos\Practico.Datos.csproj", "{99DC9EB0-00DE-4CD3-A8B7-E8A487E81932}"
EndProject
Project("{FAE04EC0-301F-11D3-BF4B-00C04F79EFBC}") = "Practico.Windows", "Practico.Windows\Practico.Windows.csproj", "{37DB5A85-2317-4EDA-8D4E-C22E372FCC0E}"
EndProject
Global
	GlobalSection(SolutionConfigurationPlatforms) = preSolution
		Debug|Any CPU = Debug|Any CPU
		Release|Any CPU = Release|Any CPU
	EndGlobalSection
	GlobalSection(ProjectConfigurationPlatforms) = postSolution
		{EE13E9CA-DC23-4283-A257-E8259D99059D}.Debug|Any CPU.ActiveCfg = Debug|Any CPU
		{EE13E9CA-DC23-4283-A257-E8259D99059D}.Debug|Any CPU.Build.0 = Debug|Any CPU
		{EE13E9CA-DC23-4283-A257-E8259D99059D}.Release|Any CPU.ActiveCfg = Release|Any CPU
		{EE13E9CA-DC23-4283-A257-E8259D99059D}.Release|Any CPU.Build.0 = Release|Any CPU
		{99DC9EB0-00DE-4CD3-A8B7-E8A487E81932}.Debug|Any CPU.ActiveCfg = Debug|Any CPU
		{99DC9EB0-00DE-4CD3-A8B7-E8A487E81932}.Debug|Any CPU.Build.0 = Debug|Any CPU
		{99DC9EB0-00DE-4CD3-A8B7-E8A487E81932}.Release|Any CPU.ActiveCfg = Release|Any CPU
		{99DC9EB0-00DE-4CD3-A8B7-E8A487E81932}.Release|Any CPU.Build.0 = Release|Any CPU
		{37DB5A85-2317-4EDA-8D4E-C22E372FCC0E}.Debug|Any CPU.ActiveCfg = Debug|Any CPU
		{37DB5A85-2317-4EDA-8D4E-C22E372FCC0E}.Debug|Any CPU.Build.0 = Debug|Any CPU
		{37DB5A85-2317-4EDA-8D4E-C22E372FCC0E}.Release|Any CPU.ActiveCfg = Release|Any CPU
		{37DB5A85-2317-4EDA-8D4E-C22E372FCC0E}.Release|Any CPU.Build.0 = Release|Any CPU
	EndGlobalSection
	GlobalSection(SolutionProperties) = preSolution
		HideSolutionNode = FALSE
	EndGlobalSection
	GlobalSection(ExtensibilityGlobals) = postSolution
		SolutionGuid = {ABF19D64-290F-41CB-B3B8-52F40B1A41F3}
	EndGlobalSection
EndGlobal
